// !$*UTF8*$!
{
	archiveVersion = 1;
	classes = {
	};
	objectVersion = 60;
	objects = {

/* Begin PBXBuildFile section */
		492BEFBA2B4DCDC3001B55C8 /* Localizable.xcstrings in Resources */ = {isa = PBXBuildFile; fileRef = 492BEFB92B4DCDC3001B55C8 /* Localizable.xcstrings */; };
		492BEFBD2B4DD11D001B55C8 /* ArticleUseCaseTests.swift in Sources */ = {isa = PBXBuildFile; fileRef = 492BEFBC2B4DD11D001B55C8 /* ArticleUseCaseTests.swift */; };
		492BEFC12B4DD147001B55C8 /* MockNetworkService.swift in Sources */ = {isa = PBXBuildFile; fileRef = 492BEFC02B4DD147001B55C8 /* MockNetworkService.swift */; };
		492BEFC52B4DD181001B55C8 /* articles_response_empty.json in Resources */ = {isa = PBXBuildFile; fileRef = 492BEFC32B4DD181001B55C8 /* articles_response_empty.json */; };
		492BEFC62B4DD181001B55C8 /* articles_response.json in Resources */ = {isa = PBXBuildFile; fileRef = 492BEFC42B4DD181001B55C8 /* articles_response.json */; };
		492BEFC82B4DD21D001B55C8 /* MockResponseBuilder.swift in Sources */ = {isa = PBXBuildFile; fileRef = 492BEFC72B4DD21D001B55C8 /* MockResponseBuilder.swift */; };
		4933549C2B4D266C00A02639 /* ArticleListViewController.swift in Sources */ = {isa = PBXBuildFile; fileRef = 4933549B2B4D266C00A02639 /* ArticleListViewController.swift */; };
		4933549E2B4D269500A02639 /* ArticleListUI.swift in Sources */ = {isa = PBXBuildFile; fileRef = 4933549D2B4D269500A02639 /* ArticleListUI.swift */; };
		493354A12B4D27FA00A02639 /* SnapKit in Frameworks */ = {isa = PBXBuildFile; productRef = 493354A02B4D27FA00A02639 /* SnapKit */; };
		493354A42B4D285600A02639 /* ArticleCell.swift in Sources */ = {isa = PBXBuildFile; fileRef = 493354A32B4D285600A02639 /* ArticleCell.swift */; };
		493354A72B4D28D100A02639 /* ArticleListViewModel.swift in Sources */ = {isa = PBXBuildFile; fileRef = 493354A62B4D28D100A02639 /* ArticleListViewModel.swift */; };
		493354A92B4D29AE00A02639 /* ArticleRowViewModel.swift in Sources */ = {isa = PBXBuildFile; fileRef = 493354A82B4D29AE00A02639 /* ArticleRowViewModel.swift */; };
		493354AC2B4D60DA00A02639 /* ArticleDetailsViewController.swift in Sources */ = {isa = PBXBuildFile; fileRef = 493354AB2B4D60DA00A02639 /* ArticleDetailsViewController.swift */; };
		493354AE2B4D613400A02639 /* ArticleDetailsUI.swift in Sources */ = {isa = PBXBuildFile; fileRef = 493354AD2B4D613400A02639 /* ArticleDetailsUI.swift */; };
		4940D47E2B4EA182006B0892 /* MockArticleUseCase.swift in Sources */ = {isa = PBXBuildFile; fileRef = 4940D47D2B4EA182006B0892 /* MockArticleUseCase.swift */; };
		4940D4802B4EA207006B0892 /* MockArticleNavigator.swift in Sources */ = {isa = PBXBuildFile; fileRef = 4940D47F2B4EA207006B0892 /* MockArticleNavigator.swift */; };
		4940D4832B4EA277006B0892 /* ArticleListViewModelTests.swift in Sources */ = {isa = PBXBuildFile; fileRef = 4940D4822B4EA277006B0892 /* ArticleListViewModelTests.swift */; };
		4940D4852B4EA2FD006B0892 /* XCTestAysncExpectation.swift in Sources */ = {isa = PBXBuildFile; fileRef = 4940D4842B4EA2FD006B0892 /* XCTestAysncExpectation.swift */; };
		498CA9D52B4C26DC00A71B16 /* Assets.xcassets in Resources */ = {isa = PBXBuildFile; fileRef = 498CA9D42B4C26DC00A71B16 /* Assets.xcassets */; };
		498CA9D82B4C26DC00A71B16 /* LaunchScreen.storyboard in Resources */ = {isa = PBXBuildFile; fileRef = 498CA9D62B4C26DC00A71B16 /* LaunchScreen.storyboard */; };
		498CAA012B4C271F00A71B16 /* AppServiceLocator.swift in Sources */ = {isa = PBXBuildFile; fileRef = 498CA9FC2B4C271F00A71B16 /* AppServiceLocator.swift */; };
		498CAA022B4C271F00A71B16 /* AppCoordinator.swift in Sources */ = {isa = PBXBuildFile; fileRef = 498CA9FD2B4C271F00A71B16 /* AppCoordinator.swift */; };
		498CAA032B4C271F00A71B16 /* ArticlesNavigator.swift in Sources */ = {isa = PBXBuildFile; fileRef = 498CA9FE2B4C271F00A71B16 /* ArticlesNavigator.swift */; };
		498CAA042B4C271F00A71B16 /* AppDelegate.swift in Sources */ = {isa = PBXBuildFile; fileRef = 498CA9FF2B4C271F00A71B16 /* AppDelegate.swift */; };
		498CAA052B4C271F00A71B16 /* SceneDelegate.swift in Sources */ = {isa = PBXBuildFile; fileRef = 498CAA002B4C271F00A71B16 /* SceneDelegate.swift */; };
		498CAA092B4C281800A71B16 /* Networking in Frameworks */ = {isa = PBXBuildFile; productRef = 498CAA082B4C281800A71B16 /* Networking */; };
		498CAA0B2B4C281A00A71B16 /* Extensions in Frameworks */ = {isa = PBXBuildFile; productRef = 498CAA0A2B4C281A00A71B16 /* Extensions */; };
		498CAA0D2B4C281D00A71B16 /* Coordinator in Frameworks */ = {isa = PBXBuildFile; productRef = 498CAA0C2B4C281D00A71B16 /* Coordinator */; };
		498CAA0F2B4C282100A71B16 /* DesignSystem in Frameworks */ = {isa = PBXBuildFile; productRef = 498CAA0E2B4C282100A71B16 /* DesignSystem */; };
		498CAA132B4C28BD00A71B16 /* ArticlesCoordinator.swift in Sources */ = {isa = PBXBuildFile; fileRef = 498CAA122B4C28BD00A71B16 /* ArticlesCoordinator.swift */; };
		498CAA1F2B4C28D800A71B16 /* EndPoint+Articles.swift in Sources */ = {isa = PBXBuildFile; fileRef = 498CAA172B4C28D800A71B16 /* EndPoint+Articles.swift */; };
		498CAA202B4C28D800A71B16 /* UIViewController.swift in Sources */ = {isa = PBXBuildFile; fileRef = 498CAA192B4C28D800A71B16 /* UIViewController.swift */; };
		498CAA212B4C28D800A71B16 /* UIImageView.swift in Sources */ = {isa = PBXBuildFile; fileRef = 498CAA1A2B4C28D800A71B16 /* UIImageView.swift */; };
		498CAA222B4C28D800A71B16 /* AppNavigationController.swift in Sources */ = {isa = PBXBuildFile; fileRef = 498CAA1C2B4C28D800A71B16 /* AppNavigationController.swift */; };
		498CAA232B4C28D800A71B16 /* IOSColor.swift in Sources */ = {isa = PBXBuildFile; fileRef = 498CAA1E2B4C28D800A71B16 /* IOSColor.swift */; };
		498CAA322B4C291E00A71B16 /* DefaultArticleUseCase.swift in Sources */ = {isa = PBXBuildFile; fileRef = 498CAA282B4C291E00A71B16 /* DefaultArticleUseCase.swift */; };
		498CAA352B4C291E00A71B16 /* ArticleUseCase.swift in Sources */ = {isa = PBXBuildFile; fileRef = 498CAA2E2B4C291E00A71B16 /* ArticleUseCase.swift */; };
		498CAA362B4C291E00A71B16 /* Article.swift in Sources */ = {isa = PBXBuildFile; fileRef = 498CAA302B4C291E00A71B16 /* Article.swift */; };
		498CAA372B4C291E00A71B16 /* ArticleResponse.swift in Sources */ = {isa = PBXBuildFile; fileRef = 498CAA312B4C291E00A71B16 /* ArticleResponse.swift */; };
		498CAA3B2B4C292400A71B16 /* ArticleListViewControllerFactory.swift in Sources */ = {isa = PBXBuildFile; fileRef = 498CAA392B4C292400A71B16 /* ArticleListViewControllerFactory.swift */; };
		498CAA3C2B4C292400A71B16 /* ArticleDetailsViewControllerFactory.swift in Sources */ = {isa = PBXBuildFile; fileRef = 498CAA3A2B4C292400A71B16 /* ArticleDetailsViewControllerFactory.swift */; };
		498CAA3F2B4C293900A71B16 /* Strings.swift in Sources */ = {isa = PBXBuildFile; fileRef = 498CAA3E2B4C293900A71B16 /* Strings.swift */; };
		498CAA422B4C2D7A00A71B16 /* SDWebImage in Frameworks */ = {isa = PBXBuildFile; productRef = 498CAA412B4C2D7A00A71B16 /* SDWebImage */; };
		49C5D81C2B4DD52300C282C1 /* iOSEvaluationUITests.swift in Sources */ = {isa = PBXBuildFile; fileRef = 49C5D81B2B4DD52300C282C1 /* iOSEvaluationUITests.swift */; };
/* End PBXBuildFile section */

/* Begin PBXContainerItemProxy section */
		498CA9DF2B4C26DC00A71B16 /* PBXContainerItemProxy */ = {
			isa = PBXContainerItemProxy;
			containerPortal = 498CA9C02B4C26DB00A71B16 /* Project object */;
			proxyType = 1;
			remoteGlobalIDString = 498CA9C72B4C26DB00A71B16;
			remoteInfo = iOSEvaluation;
		};
		498CA9E92B4C26DC00A71B16 /* PBXContainerItemProxy */ = {
			isa = PBXContainerItemProxy;
			containerPortal = 498CA9C02B4C26DB00A71B16 /* Project object */;
			proxyType = 1;
			remoteGlobalIDString = 498CA9C72B4C26DB00A71B16;
			remoteInfo = iOSEvaluation;
		};
/* End PBXContainerItemProxy section */

/* Begin PBXFileReference section */
		492BEFB62B4DCD59001B55C8 /* ar */ = {isa = PBXFileReference; lastKnownFileType = text.plist.strings; name = ar; path = ar.lproj/LaunchScreen.strings; sourceTree = "<group>"; };
		492BEFB92B4DCDC3001B55C8 /* Localizable.xcstrings */ = {isa = PBXFileReference; lastKnownFileType = text.json.xcstrings; path = Localizable.xcstrings; sourceTree = "<group>"; };
		492BEFBC2B4DD11D001B55C8 /* ArticleUseCaseTests.swift */ = {isa = PBXFileReference; lastKnownFileType = sourcecode.swift; path = ArticleUseCaseTests.swift; sourceTree = "<group>"; };
		492BEFC02B4DD147001B55C8 /* MockNetworkService.swift */ = {isa = PBXFileReference; fileEncoding = 4; lastKnownFileType = sourcecode.swift; path = MockNetworkService.swift; sourceTree = "<group>"; };
		492BEFC32B4DD181001B55C8 /* articles_response_empty.json */ = {isa = PBXFileReference; fileEncoding = 4; lastKnownFileType = text.json; path = articles_response_empty.json; sourceTree = "<group>"; };
		492BEFC42B4DD181001B55C8 /* articles_response.json */ = {isa = PBXFileReference; fileEncoding = 4; lastKnownFileType = text.json; path = articles_response.json; sourceTree = "<group>"; };
		492BEFC72B4DD21D001B55C8 /* MockResponseBuilder.swift */ = {isa = PBXFileReference; fileEncoding = 4; lastKnownFileType = sourcecode.swift; path = MockResponseBuilder.swift; sourceTree = "<group>"; };
		4933549B2B4D266C00A02639 /* ArticleListViewController.swift */ = {isa = PBXFileReference; fileEncoding = 4; lastKnownFileType = sourcecode.swift; path = ArticleListViewController.swift; sourceTree = "<group>"; };
		4933549D2B4D269500A02639 /* ArticleListUI.swift */ = {isa = PBXFileReference; fileEncoding = 4; lastKnownFileType = sourcecode.swift; path = ArticleListUI.swift; sourceTree = "<group>"; };
		493354A32B4D285600A02639 /* ArticleCell.swift */ = {isa = PBXFileReference; fileEncoding = 4; lastKnownFileType = sourcecode.swift; path = ArticleCell.swift; sourceTree = "<group>"; };
		493354A62B4D28D100A02639 /* ArticleListViewModel.swift */ = {isa = PBXFileReference; lastKnownFileType = sourcecode.swift; path = ArticleListViewModel.swift; sourceTree = "<group>"; };
		493354A82B4D29AE00A02639 /* ArticleRowViewModel.swift */ = {isa = PBXFileReference; lastKnownFileType = sourcecode.swift; path = ArticleRowViewModel.swift; sourceTree = "<group>"; };
		493354AB2B4D60DA00A02639 /* ArticleDetailsViewController.swift */ = {isa = PBXFileReference; lastKnownFileType = sourcecode.swift; path = ArticleDetailsViewController.swift; sourceTree = "<group>"; };
		493354AD2B4D613400A02639 /* ArticleDetailsUI.swift */ = {isa = PBXFileReference; lastKnownFileType = sourcecode.swift; path = ArticleDetailsUI.swift; sourceTree = "<group>"; };
		4940D47D2B4EA182006B0892 /* MockArticleUseCase.swift */ = {isa = PBXFileReference; fileEncoding = 4; lastKnownFileType = sourcecode.swift; path = MockArticleUseCase.swift; sourceTree = "<group>"; };
		4940D47F2B4EA207006B0892 /* MockArticleNavigator.swift */ = {isa = PBXFileReference; fileEncoding = 4; lastKnownFileType = sourcecode.swift; path = MockArticleNavigator.swift; sourceTree = "<group>"; };
		4940D4822B4EA277006B0892 /* ArticleListViewModelTests.swift */ = {isa = PBXFileReference; fileEncoding = 4; lastKnownFileType = sourcecode.swift; path = ArticleListViewModelTests.swift; sourceTree = "<group>"; };
		4940D4842B4EA2FD006B0892 /* XCTestAysncExpectation.swift */ = {isa = PBXFileReference; fileEncoding = 4; lastKnownFileType = sourcecode.swift; path = XCTestAysncExpectation.swift; sourceTree = "<group>"; };
		498CA9C82B4C26DB00A71B16 /* iOSEvaluation.app */ = {isa = PBXFileReference; explicitFileType = wrapper.application; includeInIndex = 0; path = iOSEvaluation.app; sourceTree = BUILT_PRODUCTS_DIR; };
		498CA9D42B4C26DC00A71B16 /* Assets.xcassets */ = {isa = PBXFileReference; lastKnownFileType = folder.assetcatalog; path = Assets.xcassets; sourceTree = "<group>"; };
		498CA9D72B4C26DC00A71B16 /* Base */ = {isa = PBXFileReference; lastKnownFileType = file.storyboard; name = Base; path = Base.lproj/LaunchScreen.storyboard; sourceTree = "<group>"; };
		498CA9D92B4C26DC00A71B16 /* Info.plist */ = {isa = PBXFileReference; lastKnownFileType = text.plist.xml; path = Info.plist; sourceTree = "<group>"; };
		498CA9DE2B4C26DC00A71B16 /* iOSEvaluationTests.xctest */ = {isa = PBXFileReference; explicitFileType = wrapper.cfbundle; includeInIndex = 0; path = iOSEvaluationTests.xctest; sourceTree = BUILT_PRODUCTS_DIR; };
		498CA9E82B4C26DC00A71B16 /* iOSEvaluationUITests.xctest */ = {isa = PBXFileReference; explicitFileType = wrapper.cfbundle; includeInIndex = 0; path = iOSEvaluationUITests.xctest; sourceTree = BUILT_PRODUCTS_DIR; };
		498CA9FC2B4C271F00A71B16 /* AppServiceLocator.swift */ = {isa = PBXFileReference; fileEncoding = 4; lastKnownFileType = sourcecode.swift; path = AppServiceLocator.swift; sourceTree = "<group>"; };
		498CA9FD2B4C271F00A71B16 /* AppCoordinator.swift */ = {isa = PBXFileReference; fileEncoding = 4; lastKnownFileType = sourcecode.swift; path = AppCoordinator.swift; sourceTree = "<group>"; };
		498CA9FE2B4C271F00A71B16 /* ArticlesNavigator.swift */ = {isa = PBXFileReference; fileEncoding = 4; lastKnownFileType = sourcecode.swift; path = ArticlesNavigator.swift; sourceTree = "<group>"; };
		498CA9FF2B4C271F00A71B16 /* AppDelegate.swift */ = {isa = PBXFileReference; fileEncoding = 4; lastKnownFileType = sourcecode.swift; path = AppDelegate.swift; sourceTree = "<group>"; };
		498CAA002B4C271F00A71B16 /* SceneDelegate.swift */ = {isa = PBXFileReference; fileEncoding = 4; lastKnownFileType = sourcecode.swift; path = SceneDelegate.swift; sourceTree = "<group>"; };
		498CAA122B4C28BD00A71B16 /* ArticlesCoordinator.swift */ = {isa = PBXFileReference; lastKnownFileType = sourcecode.swift; path = ArticlesCoordinator.swift; sourceTree = "<group>"; };
		498CAA172B4C28D800A71B16 /* EndPoint+Articles.swift */ = {isa = PBXFileReference; fileEncoding = 4; lastKnownFileType = sourcecode.swift; path = "EndPoint+Articles.swift"; sourceTree = "<group>"; };
		498CAA192B4C28D800A71B16 /* UIViewController.swift */ = {isa = PBXFileReference; fileEncoding = 4; lastKnownFileType = sourcecode.swift; path = UIViewController.swift; sourceTree = "<group>"; };
		498CAA1A2B4C28D800A71B16 /* UIImageView.swift */ = {isa = PBXFileReference; fileEncoding = 4; lastKnownFileType = sourcecode.swift; path = UIImageView.swift; sourceTree = "<group>"; };
		498CAA1C2B4C28D800A71B16 /* AppNavigationController.swift */ = {isa = PBXFileReference; fileEncoding = 4; lastKnownFileType = sourcecode.swift; path = AppNavigationController.swift; sourceTree = "<group>"; };
		498CAA1E2B4C28D800A71B16 /* IOSColor.swift */ = {isa = PBXFileReference; fileEncoding = 4; lastKnownFileType = sourcecode.swift; path = IOSColor.swift; sourceTree = "<group>"; };
		498CAA282B4C291E00A71B16 /* DefaultArticleUseCase.swift */ = {isa = PBXFileReference; fileEncoding = 4; lastKnownFileType = sourcecode.swift; path = DefaultArticleUseCase.swift; sourceTree = "<group>"; };
		498CAA2E2B4C291E00A71B16 /* ArticleUseCase.swift */ = {isa = PBXFileReference; fileEncoding = 4; lastKnownFileType = sourcecode.swift; path = ArticleUseCase.swift; sourceTree = "<group>"; };
		498CAA302B4C291E00A71B16 /* Article.swift */ = {isa = PBXFileReference; fileEncoding = 4; lastKnownFileType = sourcecode.swift; path = Article.swift; sourceTree = "<group>"; };
		498CAA312B4C291E00A71B16 /* ArticleResponse.swift */ = {isa = PBXFileReference; fileEncoding = 4; lastKnownFileType = sourcecode.swift; path = ArticleResponse.swift; sourceTree = "<group>"; };
		498CAA392B4C292400A71B16 /* ArticleListViewControllerFactory.swift */ = {isa = PBXFileReference; fileEncoding = 4; lastKnownFileType = sourcecode.swift; path = ArticleListViewControllerFactory.swift; sourceTree = "<group>"; };
		498CAA3A2B4C292400A71B16 /* ArticleDetailsViewControllerFactory.swift */ = {isa = PBXFileReference; fileEncoding = 4; lastKnownFileType = sourcecode.swift; path = ArticleDetailsViewControllerFactory.swift; sourceTree = "<group>"; };
		498CAA3E2B4C293900A71B16 /* Strings.swift */ = {isa = PBXFileReference; fileEncoding = 4; lastKnownFileType = sourcecode.swift; path = Strings.swift; sourceTree = "<group>"; };
		49C5D81A2B4DD52200C282C1 /* iOSEvaluationUITests-Bridging-Header.h */ = {isa = PBXFileReference; lastKnownFileType = sourcecode.c.h; path = "iOSEvaluationUITests-Bridging-Header.h"; sourceTree = "<group>"; };
		49C5D81B2B4DD52300C282C1 /* iOSEvaluationUITests.swift */ = {isa = PBXFileReference; lastKnownFileType = sourcecode.swift; path = iOSEvaluationUITests.swift; sourceTree = "<group>"; };
/* End PBXFileReference section */

/* Begin PBXFrameworksBuildPhase section */
		498CA9C52B4C26DB00A71B16 /* Frameworks */ = {
			isa = PBXFrameworksBuildPhase;
			buildActionMask = 2147483647;
			files = (
				498CAA0D2B4C281D00A71B16 /* Coordinator in Frameworks */,
				498CAA0B2B4C281A00A71B16 /* Extensions in Frameworks */,
				498CAA092B4C281800A71B16 /* Networking in Frameworks */,
				493354A12B4D27FA00A02639 /* SnapKit in Frameworks */,
				498CAA0F2B4C282100A71B16 /* DesignSystem in Frameworks */,
				498CAA422B4C2D7A00A71B16 /* SDWebImage in Frameworks */,
			);
			runOnlyForDeploymentPostprocessing = 0;
		};
		498CA9DB2B4C26DC00A71B16 /* Frameworks */ = {
			isa = PBXFrameworksBuildPhase;
			buildActionMask = 2147483647;
			files = (
			);
			runOnlyForDeploymentPostprocessing = 0;
		};
		498CA9E52B4C26DC00A71B16 /* Frameworks */ = {
			isa = PBXFrameworksBuildPhase;
			buildActionMask = 2147483647;
			files = (
			);
			runOnlyForDeploymentPostprocessing = 0;
		};
/* End PBXFrameworksBuildPhase section */

/* Begin PBXGroup section */
		492BEFB72B4DCD7A001B55C8 /* Resources */ = {
			isa = PBXGroup;
			children = (
				492BEFB82B4DCD91001B55C8 /* Localizations */,
				498CA9D42B4C26DC00A71B16 /* Assets.xcassets */,
				498CA9D62B4C26DC00A71B16 /* LaunchScreen.storyboard */,
			);
			path = Resources;
			sourceTree = "<group>";
		};
		492BEFB82B4DCD91001B55C8 /* Localizations */ = {
			isa = PBXGroup;
			children = (
				492BEFB92B4DCDC3001B55C8 /* Localizable.xcstrings */,
			);
			path = Localizations;
			sourceTree = "<group>";
		};
		492BEFBB2B4DD0F8001B55C8 /* ArticleUseCase */ = {
			isa = PBXGroup;
			children = (
				492BEFBC2B4DD11D001B55C8 /* ArticleUseCaseTests.swift */,
			);
			path = ArticleUseCase;
			sourceTree = "<group>";
		};
		492BEFBE2B4DD137001B55C8 /* Mocks */ = {
			isa = PBXGroup;
			children = (
				492BEFBF2B4DD147001B55C8 /* NetworkService */,
				492BEFC22B4DD181001B55C8 /* Responses */,
				4940D47D2B4EA182006B0892 /* MockArticleUseCase.swift */,
				4940D47F2B4EA207006B0892 /* MockArticleNavigator.swift */,
				492BEFC72B4DD21D001B55C8 /* MockResponseBuilder.swift */,
			);
			path = Mocks;
			sourceTree = "<group>";
		};
		492BEFBF2B4DD147001B55C8 /* NetworkService */ = {
			isa = PBXGroup;
			children = (
				492BEFC02B4DD147001B55C8 /* MockNetworkService.swift */,
			);
			path = NetworkService;
			sourceTree = "<group>";
		};
		492BEFC22B4DD181001B55C8 /* Responses */ = {
			isa = PBXGroup;
			children = (
				492BEFC32B4DD181001B55C8 /* articles_response_empty.json */,
				492BEFC42B4DD181001B55C8 /* articles_response.json */,
			);
			path = Responses;
			sourceTree = "<group>";
		};
		493354A22B4D284E00A02639 /* Cell */ = {
			isa = PBXGroup;
			children = (
				493354A32B4D285600A02639 /* ArticleCell.swift */,
			);
			path = Cell;
			sourceTree = "<group>";
		};
		493354A52B4D28B600A02639 /* ViewModels */ = {
			isa = PBXGroup;
			children = (
				493354A62B4D28D100A02639 /* ArticleListViewModel.swift */,
				493354A82B4D29AE00A02639 /* ArticleRowViewModel.swift */,
			);
			path = ViewModels;
			sourceTree = "<group>";
		};
		493354AA2B4D60BA00A02639 /* Details */ = {
			isa = PBXGroup;
			children = (
				493354AB2B4D60DA00A02639 /* ArticleDetailsViewController.swift */,
				493354AD2B4D613400A02639 /* ArticleDetailsUI.swift */,
			);
			path = Details;
			sourceTree = "<group>";
		};
		4940D4812B4EA25D006B0892 /* ViewModel */ = {
			isa = PBXGroup;
			children = (
				4940D4822B4EA277006B0892 /* ArticleListViewModelTests.swift */,
			);
			path = ViewModel;
			sourceTree = "<group>";
		};
		498CA9BF2B4C26DB00A71B16 = {
			isa = PBXGroup;
			children = (
				498CA9CA2B4C26DB00A71B16 /* iOSEvaluation */,
				498CA9E12B4C26DC00A71B16 /* iOSEvaluationTests */,
				4940D4842B4EA2FD006B0892 /* XCTestAysncExpectation.swift */,
				49C5D8192B4DD45700C282C1 /* iOSEvaluationUITests */,
				498CA9C92B4C26DB00A71B16 /* Products */,
				498CAA072B4C281800A71B16 /* Frameworks */,
			);
			sourceTree = "<group>";
		};
		498CA9C92B4C26DB00A71B16 /* Products */ = {
			isa = PBXGroup;
			children = (
				498CA9C82B4C26DB00A71B16 /* iOSEvaluation.app */,
				498CA9DE2B4C26DC00A71B16 /* iOSEvaluationTests.xctest */,
				498CA9E82B4C26DC00A71B16 /* iOSEvaluationUITests.xctest */,
			);
			name = Products;
			sourceTree = "<group>";
		};
		498CA9CA2B4C26DB00A71B16 /* iOSEvaluation */ = {
			isa = PBXGroup;
			children = (
				498CA9FB2B4C271F00A71B16 /* AppRoot */,
				498CAA142B4C28D800A71B16 /* Common */,
				498CAA3D2B4C293900A71B16 /* Constants */,
				498CAA102B4C289500A71B16 /* Features */,
				492BEFB72B4DCD7A001B55C8 /* Resources */,
				498CA9D92B4C26DC00A71B16 /* Info.plist */,
			);
			path = iOSEvaluation;
			sourceTree = "<group>";
		};
		498CA9E12B4C26DC00A71B16 /* iOSEvaluationTests */ = {
			isa = PBXGroup;
			children = (
				4940D4812B4EA25D006B0892 /* ViewModel */,
				492BEFBB2B4DD0F8001B55C8 /* ArticleUseCase */,
				492BEFBE2B4DD137001B55C8 /* Mocks */,
			);
			path = iOSEvaluationTests;
			sourceTree = "<group>";
		};
		498CA9FB2B4C271F00A71B16 /* AppRoot */ = {
			isa = PBXGroup;
			children = (
				498CA9FC2B4C271F00A71B16 /* AppServiceLocator.swift */,
				498CA9FD2B4C271F00A71B16 /* AppCoordinator.swift */,
				498CA9FE2B4C271F00A71B16 /* ArticlesNavigator.swift */,
				498CA9FF2B4C271F00A71B16 /* AppDelegate.swift */,
				498CAA002B4C271F00A71B16 /* SceneDelegate.swift */,
			);
			path = AppRoot;
			sourceTree = "<group>";
		};
		498CAA072B4C281800A71B16 /* Frameworks */ = {
			isa = PBXGroup;
			children = (
			);
			name = Frameworks;
			sourceTree = "<group>";
		};
		498CAA102B4C289500A71B16 /* Features */ = {
			isa = PBXGroup;
			children = (
				498CAA382B4C292400A71B16 /* Factory */,
				498CAA262B4C291E00A71B16 /* DataProvider */,
				498CAA242B4C290A00A71B16 /* Scenes */,
			);
			path = Features;
			sourceTree = "<group>";
		};
		498CAA112B4C28AC00A71B16 /* ArticlesList */ = {
			isa = PBXGroup;
			children = (
				493354A52B4D28B600A02639 /* ViewModels */,
				493354A22B4D284E00A02639 /* Cell */,
				4933549D2B4D269500A02639 /* ArticleListUI.swift */,
				4933549B2B4D266C00A02639 /* ArticleListViewController.swift */,
				498CAA122B4C28BD00A71B16 /* ArticlesCoordinator.swift */,
			);
			path = ArticlesList;
			sourceTree = "<group>";
		};
		498CAA142B4C28D800A71B16 /* Common */ = {
			isa = PBXGroup;
			children = (
				498CAA152B4C28D800A71B16 /* Extensions */,
				498CAA1D2B4C28D800A71B16 /* Theme */,
			);
			path = Common;
			sourceTree = "<group>";
		};
		498CAA152B4C28D800A71B16 /* Extensions */ = {
			isa = PBXGroup;
			children = (
				498CAA162B4C28D800A71B16 /* Network */,
				498CAA182B4C28D800A71B16 /* UIExtensions */,
				498CAA1B2B4C28D800A71B16 /* Controllers */,
			);
			path = Extensions;
			sourceTree = "<group>";
		};
		498CAA162B4C28D800A71B16 /* Network */ = {
			isa = PBXGroup;
			children = (
				498CAA172B4C28D800A71B16 /* EndPoint+Articles.swift */,
			);
			path = Network;
			sourceTree = "<group>";
		};
		498CAA182B4C28D800A71B16 /* UIExtensions */ = {
			isa = PBXGroup;
			children = (
				498CAA192B4C28D800A71B16 /* UIViewController.swift */,
				498CAA1A2B4C28D800A71B16 /* UIImageView.swift */,
			);
			path = UIExtensions;
			sourceTree = "<group>";
		};
		498CAA1B2B4C28D800A71B16 /* Controllers */ = {
			isa = PBXGroup;
			children = (
				498CAA1C2B4C28D800A71B16 /* AppNavigationController.swift */,
			);
			path = Controllers;
			sourceTree = "<group>";
		};
		498CAA1D2B4C28D800A71B16 /* Theme */ = {
			isa = PBXGroup;
			children = (
				498CAA1E2B4C28D800A71B16 /* IOSColor.swift */,
			);
			path = Theme;
			sourceTree = "<group>";
		};
		498CAA242B4C290A00A71B16 /* Scenes */ = {
			isa = PBXGroup;
			children = (
				493354AA2B4D60BA00A02639 /* Details */,
				498CAA112B4C28AC00A71B16 /* ArticlesList */,
			);
			path = Scenes;
			sourceTree = "<group>";
		};
		498CAA262B4C291E00A71B16 /* DataProvider */ = {
			isa = PBXGroup;
			children = (
				498CAA272B4C291E00A71B16 /* DefaultExerciseUseCase */,
				498CAA2D2B4C291E00A71B16 /* UseCases */,
				498CAA2F2B4C291E00A71B16 /* Entities */,
			);
			path = DataProvider;
			sourceTree = "<group>";
		};
		498CAA272B4C291E00A71B16 /* DefaultExerciseUseCase */ = {
			isa = PBXGroup;
			children = (
				498CAA282B4C291E00A71B16 /* DefaultArticleUseCase.swift */,
			);
			path = DefaultExerciseUseCase;
			sourceTree = "<group>";
		};
		498CAA2D2B4C291E00A71B16 /* UseCases */ = {
			isa = PBXGroup;
			children = (
				498CAA2E2B4C291E00A71B16 /* ArticleUseCase.swift */,
			);
			path = UseCases;
			sourceTree = "<group>";
		};
		498CAA2F2B4C291E00A71B16 /* Entities */ = {
			isa = PBXGroup;
			children = (
				498CAA302B4C291E00A71B16 /* Article.swift */,
				498CAA312B4C291E00A71B16 /* ArticleResponse.swift */,
			);
			path = Entities;
			sourceTree = "<group>";
		};
		498CAA382B4C292400A71B16 /* Factory */ = {
			isa = PBXGroup;
			children = (
				498CAA392B4C292400A71B16 /* ArticleListViewControllerFactory.swift */,
				498CAA3A2B4C292400A71B16 /* ArticleDetailsViewControllerFactory.swift */,
			);
			path = Factory;
			sourceTree = "<group>";
		};
		498CAA3D2B4C293900A71B16 /* Constants */ = {
			isa = PBXGroup;
			children = (
				498CAA3E2B4C293900A71B16 /* Strings.swift */,
			);
			path = Constants;
			sourceTree = "<group>";
		};
		49C5D8192B4DD45700C282C1 /* iOSEvaluationUITests */ = {
			isa = PBXGroup;
			children = (
				49C5D81B2B4DD52300C282C1 /* iOSEvaluationUITests.swift */,
				49C5D81A2B4DD52200C282C1 /* iOSEvaluationUITests-Bridging-Header.h */,
			);
			path = iOSEvaluationUITests;
			sourceTree = "<group>";
		};
/* End PBXGroup section */

/* Begin PBXNativeTarget section */
		498CA9C72B4C26DB00A71B16 /* iOSEvaluation */ = {
			isa = PBXNativeTarget;
			buildConfigurationList = 498CA9F22B4C26DC00A71B16 /* Build configuration list for PBXNativeTarget "iOSEvaluation" */;
			buildPhases = (
				498CA9C42B4C26DB00A71B16 /* Sources */,
				498CA9C52B4C26DB00A71B16 /* Frameworks */,
				498CA9C62B4C26DB00A71B16 /* Resources */,
				4940D4862B4ECF30006B0892 /* ShellScript */,
			);
			buildRules = (
			);
			dependencies = (
			);
			name = iOSEvaluation;
			packageProductDependencies = (
				498CAA082B4C281800A71B16 /* Networking */,
				498CAA0A2B4C281A00A71B16 /* Extensions */,
				498CAA0C2B4C281D00A71B16 /* Coordinator */,
				498CAA0E2B4C282100A71B16 /* DesignSystem */,
				498CAA412B4C2D7A00A71B16 /* SDWebImage */,
				493354A02B4D27FA00A02639 /* SnapKit */,
			);
			productName = iOSEvaluation;
			productReference = 498CA9C82B4C26DB00A71B16 /* iOSEvaluation.app */;
			productType = "com.apple.product-type.application";
		};
		498CA9DD2B4C26DC00A71B16 /* iOSEvaluationTests */ = {
			isa = PBXNativeTarget;
			buildConfigurationList = 498CA9F52B4C26DC00A71B16 /* Build configuration list for PBXNativeTarget "iOSEvaluationTests" */;
			buildPhases = (
				498CA9DA2B4C26DC00A71B16 /* Sources */,
				498CA9DB2B4C26DC00A71B16 /* Frameworks */,
				498CA9DC2B4C26DC00A71B16 /* Resources */,
			);
			buildRules = (
			);
			dependencies = (
				498CA9E02B4C26DC00A71B16 /* PBXTargetDependency */,
			);
			name = iOSEvaluationTests;
			productName = iOSEvaluationTests;
			productReference = 498CA9DE2B4C26DC00A71B16 /* iOSEvaluationTests.xctest */;
			productType = "com.apple.product-type.bundle.unit-test";
		};
		498CA9E72B4C26DC00A71B16 /* iOSEvaluationUITests */ = {
			isa = PBXNativeTarget;
			buildConfigurationList = 498CA9F82B4C26DC00A71B16 /* Build configuration list for PBXNativeTarget "iOSEvaluationUITests" */;
			buildPhases = (
				498CA9E42B4C26DC00A71B16 /* Sources */,
				498CA9E52B4C26DC00A71B16 /* Frameworks */,
				498CA9E62B4C26DC00A71B16 /* Resources */,
			);
			buildRules = (
			);
			dependencies = (
				498CA9EA2B4C26DC00A71B16 /* PBXTargetDependency */,
			);
			name = iOSEvaluationUITests;
			productName = iOSEvaluationUITests;
			productReference = 498CA9E82B4C26DC00A71B16 /* iOSEvaluationUITests.xctest */;
			productType = "com.apple.product-type.bundle.ui-testing";
		};
/* End PBXNativeTarget section */

/* Begin PBXProject section */
		498CA9C02B4C26DB00A71B16 /* Project object */ = {
			isa = PBXProject;
			attributes = {
				BuildIndependentTargetsInParallel = 1;
				LastSwiftUpdateCheck = 1500;
				LastUpgradeCheck = 1500;
				TargetAttributes = {
					498CA9C72B4C26DB00A71B16 = {
						CreatedOnToolsVersion = 15.0;
					};
					498CA9DD2B4C26DC00A71B16 = {
						CreatedOnToolsVersion = 15.0;
						TestTargetID = 498CA9C72B4C26DB00A71B16;
					};
					498CA9E72B4C26DC00A71B16 = {
						CreatedOnToolsVersion = 15.0;
						LastSwiftMigration = 1500;
						TestTargetID = 498CA9C72B4C26DB00A71B16;
					};
				};
			};
			buildConfigurationList = 498CA9C32B4C26DB00A71B16 /* Build configuration list for PBXProject "iOSEvaluation" */;
			compatibilityVersion = "Xcode 14.0";
			developmentRegion = en;
			hasScannedForEncodings = 0;
			knownRegions = (
				en,
				Base,
				ar,
			);
			mainGroup = 498CA9BF2B4C26DB00A71B16;
			packageReferences = (
				498CAA062B4C27F300A71B16 /* XCLocalSwiftPackageReference "Modules" */,
				498CAA402B4C2D4E00A71B16 /* XCRemoteSwiftPackageReference "SDWebImage" */,
				4933549F2B4D27DD00A02639 /* XCRemoteSwiftPackageReference "SnapKit" */,
			);
			productRefGroup = 498CA9C92B4C26DB00A71B16 /* Products */;
			projectDirPath = "";
			projectRoot = "";
			targets = (
				498CA9C72B4C26DB00A71B16 /* iOSEvaluation */,
				498CA9DD2B4C26DC00A71B16 /* iOSEvaluationTests */,
				498CA9E72B4C26DC00A71B16 /* iOSEvaluationUITests */,
			);
		};
/* End PBXProject section */

/* Begin PBXResourcesBuildPhase section */
		498CA9C62B4C26DB00A71B16 /* Resources */ = {
			isa = PBXResourcesBuildPhase;
			buildActionMask = 2147483647;
			files = (
				498CA9D82B4C26DC00A71B16 /* LaunchScreen.storyboard in Resources */,
				498CA9D52B4C26DC00A71B16 /* Assets.xcassets in Resources */,
				492BEFBA2B4DCDC3001B55C8 /* Localizable.xcstrings in Resources */,
			);
			runOnlyForDeploymentPostprocessing = 0;
		};
		498CA9DC2B4C26DC00A71B16 /* Resources */ = {
			isa = PBXResourcesBuildPhase;
			buildActionMask = 2147483647;
			files = (
				492BEFC62B4DD181001B55C8 /* articles_response.json in Resources */,
				492BEFC52B4DD181001B55C8 /* articles_response_empty.json in Resources */,
			);
			runOnlyForDeploymentPostprocessing = 0;
		};
		498CA9E62B4C26DC00A71B16 /* Resources */ = {
			isa = PBXResourcesBuildPhase;
			buildActionMask = 2147483647;
			files = (
			);
			runOnlyForDeploymentPostprocessing = 0;
		};
/* End PBXResourcesBuildPhase section */

/* Begin PBXShellScriptBuildPhase section */
		4940D4862B4ECF30006B0892 /* ShellScript */ = {
			isa = PBXShellScriptBuildPhase;
			alwaysOutOfDate = 1;
			buildActionMask = 2147483647;
			files = (
			);
			inputFileListPaths = (
			);
			inputPaths = (
			);
			outputFileListPaths = (
			);
			outputPaths = (
			);
			runOnlyForDeploymentPostprocessing = 0;
			shellPath = /bin/sh;
			shellScript = "if [[ \"$(uname -m)\" == arm64 ]]; then\n    export PATH=\"/opt/homebrew/bin:$PATH\"\nfi\n\nif which swiftlint > /dev/null; then\n  swiftlint\nelse\n  echo \"warning: SwiftLint not installed, download from https://github.com/realm/SwiftLint\"\nfi\n";
		};
/* End PBXShellScriptBuildPhase section */

/* Begin PBXSourcesBuildPhase section */
		498CA9C42B4C26DB00A71B16 /* Sources */ = {
			isa = PBXSourcesBuildPhase;
			buildActionMask = 2147483647;
			files = (
				498CAA012B4C271F00A71B16 /* AppServiceLocator.swift in Sources */,
				493354AE2B4D613400A02639 /* ArticleDetailsUI.swift in Sources */,
				498CAA3B2B4C292400A71B16 /* ArticleListViewControllerFactory.swift in Sources */,
				4933549C2B4D266C00A02639 /* ArticleListViewController.swift in Sources */,
				493354A42B4D285600A02639 /* ArticleCell.swift in Sources */,
				4933549E2B4D269500A02639 /* ArticleListUI.swift in Sources */,
				498CAA3F2B4C293900A71B16 /* Strings.swift in Sources */,
				493354A92B4D29AE00A02639 /* ArticleRowViewModel.swift in Sources */,
				498CAA212B4C28D800A71B16 /* UIImageView.swift in Sources */,
				498CAA132B4C28BD00A71B16 /* ArticlesCoordinator.swift in Sources */,
				498CAA032B4C271F00A71B16 /* ArticlesNavigator.swift in Sources */,
				493354A72B4D28D100A02639 /* ArticleListViewModel.swift in Sources */,
				498CAA372B4C291E00A71B16 /* ArticleResponse.swift in Sources */,
				498CAA022B4C271F00A71B16 /* AppCoordinator.swift in Sources */,
				498CAA042B4C271F00A71B16 /* AppDelegate.swift in Sources */,
				493354AC2B4D60DA00A02639 /* ArticleDetailsViewController.swift in Sources */,
				498CAA052B4C271F00A71B16 /* SceneDelegate.swift in Sources */,
				498CAA322B4C291E00A71B16 /* DefaultArticleUseCase.swift in Sources */,
				498CAA352B4C291E00A71B16 /* ArticleUseCase.swift in Sources */,
				498CAA362B4C291E00A71B16 /* Article.swift in Sources */,
				498CAA232B4C28D800A71B16 /* IOSColor.swift in Sources */,
				498CAA202B4C28D800A71B16 /* UIViewController.swift in Sources */,
				498CAA1F2B4C28D800A71B16 /* EndPoint+Articles.swift in Sources */,
				498CAA3C2B4C292400A71B16 /* ArticleDetailsViewControllerFactory.swift in Sources */,
				498CAA222B4C28D800A71B16 /* AppNavigationController.swift in Sources */,
			);
			runOnlyForDeploymentPostprocessing = 0;
		};
		498CA9DA2B4C26DC00A71B16 /* Sources */ = {
			isa = PBXSourcesBuildPhase;
			buildActionMask = 2147483647;
			files = (
				492BEFC82B4DD21D001B55C8 /* MockResponseBuilder.swift in Sources */,
				4940D4802B4EA207006B0892 /* MockArticleNavigator.swift in Sources */,
				4940D47E2B4EA182006B0892 /* MockArticleUseCase.swift in Sources */,
				4940D4852B4EA2FD006B0892 /* XCTestAysncExpectation.swift in Sources */,
				492BEFC12B4DD147001B55C8 /* MockNetworkService.swift in Sources */,
				4940D4832B4EA277006B0892 /* ArticleListViewModelTests.swift in Sources */,
				492BEFBD2B4DD11D001B55C8 /* ArticleUseCaseTests.swift in Sources */,
			);
			runOnlyForDeploymentPostprocessing = 0;
		};
		498CA9E42B4C26DC00A71B16 /* Sources */ = {
			isa = PBXSourcesBuildPhase;
			buildActionMask = 2147483647;
			files = (
				49C5D81C2B4DD52300C282C1 /* iOSEvaluationUITests.swift in Sources */,
			);
			runOnlyForDeploymentPostprocessing = 0;
		};
/* End PBXSourcesBuildPhase section */

/* Begin PBXTargetDependency section */
		498CA9E02B4C26DC00A71B16 /* PBXTargetDependency */ = {
			isa = PBXTargetDependency;
			target = 498CA9C72B4C26DB00A71B16 /* iOSEvaluation */;
			targetProxy = 498CA9DF2B4C26DC00A71B16 /* PBXContainerItemProxy */;
		};
		498CA9EA2B4C26DC00A71B16 /* PBXTargetDependency */ = {
			isa = PBXTargetDependency;
			target = 498CA9C72B4C26DB00A71B16 /* iOSEvaluation */;
			targetProxy = 498CA9E92B4C26DC00A71B16 /* PBXContainerItemProxy */;
		};
/* End PBXTargetDependency section */

/* Begin PBXVariantGroup section */
		498CA9D62B4C26DC00A71B16 /* LaunchScreen.storyboard */ = {
			isa = PBXVariantGroup;
			children = (
				498CA9D72B4C26DC00A71B16 /* Base */,
				492BEFB62B4DCD59001B55C8 /* ar */,
			);
			name = LaunchScreen.storyboard;
			sourceTree = "<group>";
		};
/* End PBXVariantGroup section */

/* Begin XCBuildConfiguration section */
		498CA9F02B4C26DC00A71B16 /* Debug */ = {
			isa = XCBuildConfiguration;
			buildSettings = {
				ALWAYS_SEARCH_USER_PATHS = NO;
				ASSETCATALOG_COMPILER_GENERATE_SWIFT_ASSET_SYMBOL_EXTENSIONS = YES;
				CLANG_ANALYZER_LOCALIZABILITY_NONLOCALIZED = YES;
				CLANG_ANALYZER_NONNULL = YES;
				CLANG_ANALYZER_NUMBER_OBJECT_CONVERSION = YES_AGGRESSIVE;
				CLANG_CXX_LANGUAGE_STANDARD = "gnu++20";
				CLANG_ENABLE_MODULES = YES;
				CLANG_ENABLE_OBJC_ARC = YES;
				CLANG_ENABLE_OBJC_WEAK = YES;
				CLANG_WARN_BLOCK_CAPTURE_AUTORELEASING = YES;
				CLANG_WARN_BOOL_CONVERSION = YES;
				CLANG_WARN_COMMA = YES;
				CLANG_WARN_CONSTANT_CONVERSION = YES;
				CLANG_WARN_DEPRECATED_OBJC_IMPLEMENTATIONS = YES;
				CLANG_WARN_DIRECT_OBJC_ISA_USAGE = YES_ERROR;
				CLANG_WARN_DOCUMENTATION_COMMENTS = YES;
				CLANG_WARN_EMPTY_BODY = YES;
				CLANG_WARN_ENUM_CONVERSION = YES;
				CLANG_WARN_INFINITE_RECURSION = YES;
				CLANG_WARN_INT_CONVERSION = YES;
				CLANG_WARN_NON_LITERAL_NULL_CONVERSION = YES;
				CLANG_WARN_OBJC_IMPLICIT_RETAIN_SELF = YES;
				CLANG_WARN_OBJC_LITERAL_CONVERSION = YES;
				CLANG_WARN_OBJC_ROOT_CLASS = YES_ERROR;
				CLANG_WARN_QUOTED_INCLUDE_IN_FRAMEWORK_HEADER = YES;
				CLANG_WARN_RANGE_LOOP_ANALYSIS = YES;
				CLANG_WARN_STRICT_PROTOTYPES = YES;
				CLANG_WARN_SUSPICIOUS_MOVE = YES;
				CLANG_WARN_UNGUARDED_AVAILABILITY = YES_AGGRESSIVE;
				CLANG_WARN_UNREACHABLE_CODE = YES;
				CLANG_WARN__DUPLICATE_METHOD_MATCH = YES;
				COPY_PHASE_STRIP = NO;
				DEBUG_INFORMATION_FORMAT = dwarf;
				ENABLE_STRICT_OBJC_MSGSEND = YES;
				ENABLE_TESTABILITY = YES;
				ENABLE_USER_SCRIPT_SANDBOXING = YES;
				GCC_C_LANGUAGE_STANDARD = gnu17;
				GCC_DYNAMIC_NO_PIC = NO;
				GCC_NO_COMMON_BLOCKS = YES;
				GCC_OPTIMIZATION_LEVEL = 0;
				GCC_PREPROCESSOR_DEFINITIONS = (
					"DEBUG=1",
					"$(inherited)",
				);
				GCC_WARN_64_TO_32_BIT_CONVERSION = YES;
				GCC_WARN_ABOUT_RETURN_TYPE = YES_ERROR;
				GCC_WARN_UNDECLARED_SELECTOR = YES;
				GCC_WARN_UNINITIALIZED_AUTOS = YES_AGGRESSIVE;
				GCC_WARN_UNUSED_FUNCTION = YES;
				GCC_WARN_UNUSED_VARIABLE = YES;
				IPHONEOS_DEPLOYMENT_TARGET = 17.0;
				LOCALIZATION_PREFERS_STRING_CATALOGS = YES;
				MTL_ENABLE_DEBUG_INFO = INCLUDE_SOURCE;
				MTL_FAST_MATH = YES;
				ONLY_ACTIVE_ARCH = YES;
				SDKROOT = iphoneos;
				SWIFT_ACTIVE_COMPILATION_CONDITIONS = "DEBUG $(inherited)";
				SWIFT_OPTIMIZATION_LEVEL = "-Onone";
			};
			name = Debug;
		};
		498CA9F12B4C26DC00A71B16 /* Release */ = {
			isa = XCBuildConfiguration;
			buildSettings = {
				ALWAYS_SEARCH_USER_PATHS = NO;
				ASSETCATALOG_COMPILER_GENERATE_SWIFT_ASSET_SYMBOL_EXTENSIONS = YES;
				CLANG_ANALYZER_LOCALIZABILITY_NONLOCALIZED = YES;
				CLANG_ANALYZER_NONNULL = YES;
				CLANG_ANALYZER_NUMBER_OBJECT_CONVERSION = YES_AGGRESSIVE;
				CLANG_CXX_LANGUAGE_STANDARD = "gnu++20";
				CLANG_ENABLE_MODULES = YES;
				CLANG_ENABLE_OBJC_ARC = YES;
				CLANG_ENABLE_OBJC_WEAK = YES;
				CLANG_WARN_BLOCK_CAPTURE_AUTORELEASING = YES;
				CLANG_WARN_BOOL_CONVERSION = YES;
				CLANG_WARN_COMMA = YES;
				CLANG_WARN_CONSTANT_CONVERSION = YES;
				CLANG_WARN_DEPRECATED_OBJC_IMPLEMENTATIONS = YES;
				CLANG_WARN_DIRECT_OBJC_ISA_USAGE = YES_ERROR;
				CLANG_WARN_DOCUMENTATION_COMMENTS = YES;
				CLANG_WARN_EMPTY_BODY = YES;
				CLANG_WARN_ENUM_CONVERSION = YES;
				CLANG_WARN_INFINITE_RECURSION = YES;
				CLANG_WARN_INT_CONVERSION = YES;
				CLANG_WARN_NON_LITERAL_NULL_CONVERSION = YES;
				CLANG_WARN_OBJC_IMPLICIT_RETAIN_SELF = YES;
				CLANG_WARN_OBJC_LITERAL_CONVERSION = YES;
				CLANG_WARN_OBJC_ROOT_CLASS = YES_ERROR;
				CLANG_WARN_QUOTED_INCLUDE_IN_FRAMEWORK_HEADER = YES;
				CLANG_WARN_RANGE_LOOP_ANALYSIS = YES;
				CLANG_WARN_STRICT_PROTOTYPES = YES;
				CLANG_WARN_SUSPICIOUS_MOVE = YES;
				CLANG_WARN_UNGUARDED_AVAILABILITY = YES_AGGRESSIVE;
				CLANG_WARN_UNREACHABLE_CODE = YES;
				CLANG_WARN__DUPLICATE_METHOD_MATCH = YES;
				COPY_PHASE_STRIP = NO;
				DEBUG_INFORMATION_FORMAT = "dwarf-with-dsym";
				ENABLE_NS_ASSERTIONS = NO;
				ENABLE_STRICT_OBJC_MSGSEND = YES;
				ENABLE_USER_SCRIPT_SANDBOXING = YES;
				GCC_C_LANGUAGE_STANDARD = gnu17;
				GCC_NO_COMMON_BLOCKS = YES;
				GCC_WARN_64_TO_32_BIT_CONVERSION = YES;
				GCC_WARN_ABOUT_RETURN_TYPE = YES_ERROR;
				GCC_WARN_UNDECLARED_SELECTOR = YES;
				GCC_WARN_UNINITIALIZED_AUTOS = YES_AGGRESSIVE;
				GCC_WARN_UNUSED_FUNCTION = YES;
				GCC_WARN_UNUSED_VARIABLE = YES;
				IPHONEOS_DEPLOYMENT_TARGET = 17.0;
				LOCALIZATION_PREFERS_STRING_CATALOGS = YES;
				MTL_ENABLE_DEBUG_INFO = NO;
				MTL_FAST_MATH = YES;
				SDKROOT = iphoneos;
				SWIFT_COMPILATION_MODE = wholemodule;
				VALIDATE_PRODUCT = YES;
			};
			name = Release;
		};
		498CA9F32B4C26DC00A71B16 /* Debug */ = {
			isa = XCBuildConfiguration;
			buildSettings = {
				ASSETCATALOG_COMPILER_APPICON_NAME = AppIcon;
				ASSETCATALOG_COMPILER_GLOBAL_ACCENT_COLOR_NAME = AccentColor;
				CODE_SIGN_STYLE = Automatic;
				CURRENT_PROJECT_VERSION = 1;
				ENABLE_USER_SCRIPT_SANDBOXING = NO;
				GENERATE_INFOPLIST_FILE = YES;
				INFOPLIST_FILE = iOSEvaluation/Info.plist;
				INFOPLIST_KEY_UIApplicationSupportsIndirectInputEvents = YES;
				INFOPLIST_KEY_UILaunchStoryboardName = LaunchScreen;
				INFOPLIST_KEY_UIMainStoryboardFile = "";
				INFOPLIST_KEY_UISupportedInterfaceOrientations_iPad = "UIInterfaceOrientationPortrait UIInterfaceOrientationPortraitUpsideDown UIInterfaceOrientationLandscapeLeft UIInterfaceOrientationLandscapeRight";
				INFOPLIST_KEY_UISupportedInterfaceOrientations_iPhone = "UIInterfaceOrientationPortrait UIInterfaceOrientationLandscapeLeft UIInterfaceOrientationLandscapeRight";
				LD_RUNPATH_SEARCH_PATHS = (
					"$(inherited)",
					"@executable_path/Frameworks",
				);
				MARKETING_VERSION = 1.0;
				PRODUCT_BUNDLE_IDENTIFIER = com.test.iOSEvaluation;
				PRODUCT_NAME = "$(TARGET_NAME)";
				SWIFT_EMIT_LOC_STRINGS = YES;
				SWIFT_VERSION = 5.0;
				TARGETED_DEVICE_FAMILY = "1,2";
			};
			name = Debug;
		};
		498CA9F42B4C26DC00A71B16 /* Release */ = {
			isa = XCBuildConfiguration;
			buildSettings = {
				ASSETCATALOG_COMPILER_APPICON_NAME = AppIcon;
				ASSETCATALOG_COMPILER_GLOBAL_ACCENT_COLOR_NAME = AccentColor;
				CODE_SIGN_STYLE = Automatic;
				CURRENT_PROJECT_VERSION = 1;
				ENABLE_USER_SCRIPT_SANDBOXING = NO;
				GENERATE_INFOPLIST_FILE = YES;
				INFOPLIST_FILE = iOSEvaluation/Info.plist;
				INFOPLIST_KEY_UIApplicationSupportsIndirectInputEvents = YES;
				INFOPLIST_KEY_UILaunchStoryboardName = LaunchScreen;
				INFOPLIST_KEY_UIMainStoryboardFile = "";
				INFOPLIST_KEY_UISupportedInterfaceOrientations_iPad = "UIInterfaceOrientationPortrait UIInterfaceOrientationPortraitUpsideDown UIInterfaceOrientationLandscapeLeft UIInterfaceOrientationLandscapeRight";
				INFOPLIST_KEY_UISupportedInterfaceOrientations_iPhone = "UIInterfaceOrientationPortrait UIInterfaceOrientationLandscapeLeft UIInterfaceOrientationLandscapeRight";
				LD_RUNPATH_SEARCH_PATHS = (
					"$(inherited)",
					"@executable_path/Frameworks",
				);
				MARKETING_VERSION = 1.0;
				PRODUCT_BUNDLE_IDENTIFIER = com.test.iOSEvaluation;
				PRODUCT_NAME = "$(TARGET_NAME)";
				SWIFT_EMIT_LOC_STRINGS = YES;
				SWIFT_VERSION = 5.0;
				TARGETED_DEVICE_FAMILY = "1,2";
			};
			name = Release;
		};
		498CA9F62B4C26DC00A71B16 /* Debug */ = {
			isa = XCBuildConfiguration;
			buildSettings = {
				ALWAYS_EMBED_SWIFT_STANDARD_LIBRARIES = YES;
				BUNDLE_LOADER = "$(TEST_HOST)";
				CODE_SIGN_STYLE = Automatic;
				CURRENT_PROJECT_VERSION = 1;
				GENERATE_INFOPLIST_FILE = YES;
				IPHONEOS_DEPLOYMENT_TARGET = 17.0;
				MARKETING_VERSION = 1.0;
				PRODUCT_BUNDLE_IDENTIFIER = com.test.iOSEvaluationTests;
				PRODUCT_NAME = "$(TARGET_NAME)";
				SWIFT_EMIT_LOC_STRINGS = NO;
				SWIFT_VERSION = 5.0;
				TARGETED_DEVICE_FAMILY = "1,2";
				TEST_HOST = "$(BUILT_PRODUCTS_DIR)/iOSEvaluation.app/$(BUNDLE_EXECUTABLE_FOLDER_PATH)/iOSEvaluation";
			};
			name = Debug;
		};
		498CA9F72B4C26DC00A71B16 /* Release */ = {
			isa = XCBuildConfiguration;
			buildSettings = {
				ALWAYS_EMBED_SWIFT_STANDARD_LIBRARIES = YES;
				BUNDLE_LOADER = "$(TEST_HOST)";
				CODE_SIGN_STYLE = Automatic;
				CURRENT_PROJECT_VERSION = 1;
				GENERATE_INFOPLIST_FILE = YES;
				IPHONEOS_DEPLOYMENT_TARGET = 17.0;
				MARKETING_VERSION = 1.0;
				PRODUCT_BUNDLE_IDENTIFIER = com.test.iOSEvaluationTests;
				PRODUCT_NAME = "$(TARGET_NAME)";
				SWIFT_EMIT_LOC_STRINGS = NO;
				SWIFT_VERSION = 5.0;
				TARGETED_DEVICE_FAMILY = "1,2";
				TEST_HOST = "$(BUILT_PRODUCTS_DIR)/iOSEvaluation.app/$(BUNDLE_EXECUTABLE_FOLDER_PATH)/iOSEvaluation";
			};
			name = Release;
		};
		498CA9F92B4C26DC00A71B16 /* Debug */ = {
			isa = XCBuildConfiguration;
			buildSettings = {
				ALWAYS_EMBED_SWIFT_STANDARD_LIBRARIES = YES;
				CLANG_ENABLE_MODULES = YES;
				CODE_SIGN_STYLE = Automatic;
				CURRENT_PROJECT_VERSION = 1;
				GENERATE_INFOPLIST_FILE = YES;
				MARKETING_VERSION = 1.0;
				PRODUCT_BUNDLE_IDENTIFIER = com.test.iOSEvaluationUITests;
				PRODUCT_NAME = "$(TARGET_NAME)";
				SWIFT_EMIT_LOC_STRINGS = NO;
				SWIFT_OBJC_BRIDGING_HEADER = "iOSEvaluationUITests/iOSEvaluationUITests-Bridging-Header.h";
				SWIFT_OPTIMIZATION_LEVEL = "-Onone";
				SWIFT_VERSION = 5.0;
				TARGETED_DEVICE_FAMILY = "1,2";
				TEST_TARGET_NAME = iOSEvaluation;
			};
			name = Debug;
		};
		498CA9FA2B4C26DC00A71B16 /* Release */ = {
			isa = XCBuildConfiguration;
			buildSettings = {
				ALWAYS_EMBED_SWIFT_STANDARD_LIBRARIES = YES;
				CLANG_ENABLE_MODULES = YES;
				CODE_SIGN_STYLE = Automatic;
				CURRENT_PROJECT_VERSION = 1;
				GENERATE_INFOPLIST_FILE = YES;
				MARKETING_VERSION = 1.0;
				PRODUCT_BUNDLE_IDENTIFIER = com.test.iOSEvaluationUITests;
				PRODUCT_NAME = "$(TARGET_NAME)";
				SWIFT_EMIT_LOC_STRINGS = NO;
				SWIFT_OBJC_BRIDGING_HEADER = "iOSEvaluationUITests/iOSEvaluationUITests-Bridging-Header.h";
				SWIFT_VERSION = 5.0;
				TARGETED_DEVICE_FAMILY = "1,2";
				TEST_TARGET_NAME = iOSEvaluation;
			};
			name = Release;
		};
/* End XCBuildConfiguration section */

/* Begin XCConfigurationList section */
		498CA9C32B4C26DB00A71B16 /* Build configuration list for PBXProject "iOSEvaluation" */ = {
			isa = XCConfigurationList;
			buildConfigurations = (
				498CA9F02B4C26DC00A71B16 /* Debug */,
				498CA9F12B4C26DC00A71B16 /* Release */,
			);
			defaultConfigurationIsVisible = 0;
			defaultConfigurationName = Release;
		};
		498CA9F22B4C26DC00A71B16 /* Build configuration list for PBXNativeTarget "iOSEvaluation" */ = {
			isa = XCConfigurationList;
			buildConfigurations = (
				498CA9F32B4C26DC00A71B16 /* Debug */,
				498CA9F42B4C26DC00A71B16 /* Release */,
			);
			defaultConfigurationIsVisible = 0;
			defaultConfigurationName = Release;
		};
		498CA9F52B4C26DC00A71B16 /* Build configuration list for PBXNativeTarget "iOSEvaluationTests" */ = {
			isa = XCConfigurationList;
			buildConfigurations = (
				498CA9F62B4C26DC00A71B16 /* Debug */,
				498CA9F72B4C26DC00A71B16 /* Release */,
			);
			defaultConfigurationIsVisible = 0;
			defaultConfigurationName = Release;
		};
		498CA9F82B4C26DC00A71B16 /* Build configuration list for PBXNativeTarget "iOSEvaluationUITests" */ = {
			isa = XCConfigurationList;
			buildConfigurations = (
				498CA9F92B4C26DC00A71B16 /* Debug */,
				498CA9FA2B4C26DC00A71B16 /* Release */,
			);
			defaultConfigurationIsVisible = 0;
			defaultConfigurationName = Release;
		};
/* End XCConfigurationList section */

/* Begin XCLocalSwiftPackageReference section */
		498CAA062B4C27F300A71B16 /* XCLocalSwiftPackageReference "Modules" */ = {
			isa = XCLocalSwiftPackageReference;
			relativePath = Modules;
		};
/* End XCLocalSwiftPackageReference section */

/* Begin XCRemoteSwiftPackageReference section */
		4933549F2B4D27DD00A02639 /* XCRemoteSwiftPackageReference "SnapKit" */ = {
			isa = XCRemoteSwiftPackageReference;
			repositoryURL = "https://github.com/SnapKit/SnapKit.git";
			requirement = {
				kind = upToNextMajorVersion;
				minimumVersion = 5.7.0;
			};
		};
		498CAA402B4C2D4E00A71B16 /* XCRemoteSwiftPackageReference "SDWebImage" */ = {
			isa = XCRemoteSwiftPackageReference;
			repositoryURL = "https://github.com/SDWebImage/SDWebImage.git";
			requirement = {
				kind = upToNextMajorVersion;
				minimumVersion = 5.18.8;
			};
		};
/* End XCRemoteSwiftPackageReference section */

/* Begin XCSwiftPackageProductDependency section */
		493354A02B4D27FA00A02639 /* SnapKit */ = {
			isa = XCSwiftPackageProductDependency;
			package = 4933549F2B4D27DD00A02639 /* XCRemoteSwiftPackageReference "SnapKit" */;
			productName = SnapKit;
		};
		498CAA082B4C281800A71B16 /* Networking */ = {
			isa = XCSwiftPackageProductDependency;
			package = 498CAA062B4C27F300A71B16 /* XCLocalSwiftPackageReference "Modules" */;
			productName = Networking;
		};
		498CAA0A2B4C281A00A71B16 /* Extensions */ = {
			isa = XCSwiftPackageProductDependency;
			package = 498CAA062B4C27F300A71B16 /* XCLocalSwiftPackageReference "Modules" */;
			productName = Extensions;
		};
		498CAA0C2B4C281D00A71B16 /* Coordinator */ = {
			isa = XCSwiftPackageProductDependency;
			package = 498CAA062B4C27F300A71B16 /* XCLocalSwiftPackageReference "Modules" */;
			productName = Coordinator;
		};
		498CAA0E2B4C282100A71B16 /* DesignSystem */ = {
			isa = XCSwiftPackageProductDependency;
			package = 498CAA062B4C27F300A71B16 /* XCLocalSwiftPackageReference "Modules" */;
			productName = DesignSystem;
		};
		498CAA412B4C2D7A00A71B16 /* SDWebImage */ = {
			isa = XCSwiftPackageProductDependency;
			package = 498CAA402B4C2D4E00A71B16 /* XCRemoteSwiftPackageReference "SDWebImage" */;
			productName = SDWebImage;
		};
/* End XCSwiftPackageProductDependency section */
	};
	rootObject = 498CA9C02B4C26DB00A71B16 /* Project object */;
}
